lockfileVersion: '9.0'

settings:
  autoInstallPeers: true
  excludeLinksFromLockfile: false

importers:

  .:
    dependencies:
      '@hocuspocus/provider':
        specifier: ^3.4.4
        version: 3.4.4(y-protocols@1.0.7(yjs@13.6.29))(yjs@13.6.29)
      react:
        specifier: ^19.2.3
        version: 19.2.3
      react-dom:
        specifier: ^19.2.3
        version: 19.2.3(react@19.2.3)
      yjs:
        specifier: ^13.6.0
        version: 13.6.29
    devDependencies:
      '@types/react':
        specifier: ^19.2.8
        version: 19.2.8
      '@types/react-dom':
        specifier: ^19.2.3
        version: 19.2.3(@types/react@19.2.8)

packages:

  '@hocuspocus/common@3.4.4':
    resolution: {integrity: sha512-RykIJ0tsHHMP4Xk+4UCbc7SO5LgGxGUSTdbh6anJEsaALAyqinf1Nn5HYuMjLPolAmsar1v++m9zufR09NLpXA==}

  '@hocuspocus/provider@3.4.4':
    resolution: {integrity: sha512-KbsMAfdYcIJD8eMU/5QnpXcSOvIWAcCNI33FSRSaKCIpYBFtAwkYIwWnZJmPZ8a1BMAtqQc+uvy9+UQf7GHnGQ==}
    peerDependencies:
      y-protocols: ^1.0.6
      yjs: ^13.6.8

  '@lifeomic/attempt@3.1.0':
    resolution: {integrity: sha512-QZqem4QuAnAyzfz+Gj5/+SLxqwCAw2qmt7732ZXodr6VDWGeYLG6w1i/vYLa55JQM9wRuBKLmXmiZ2P0LtE5rw==}

  '@types/react-dom@19.2.3':
    resolution: {integrity: sha512-jp2L/eY6fn+KgVVQAOqYItbF0VY/YApe5Mz2F0aykSO8gx31bYCZyvSeYxCHKvzHG5eZjc+zyaS5BrBWya2+kQ==}
    peerDependencies:
      '@types/react': ^19.2.0

  '@types/react@19.2.8':
    resolution: {integrity: sha512-3MbSL37jEchWZz2p2mjntRZtPt837ij10ApxKfgmXCTuHWagYg7iA5bqPw6C8BMPfwidlvfPI/fxOc42HLhcyg==}

  csstype@3.2.3:
    resolution: {integrity: sha512-z1HGKcYy2xA8AGQfwrn0PAy+PB7X/GSj3UVJW9qKyn43xWa+gl5nXmU4qqLMRzWVLFC8KusUX8T/0kCiOYpAIQ==}

  isomorphic.js@0.2.5:
    resolution: {integrity: sha512-PIeMbHqMt4DnUP3MA/Flc0HElYjMXArsw1qwJZcm9sqR8mq3l8NYizFMty0pWwE/tzIGH3EKK5+jes5mAr85yw==}

  lib0@0.2.117:
    resolution: {integrity: sha512-DeXj9X5xDCjgKLU/7RR+/HQEVzuuEUiwldwOGsHK/sfAfELGWEyTcf0x+uOvCvK3O2zPmZePXWL85vtia6GyZw==}
    engines: {node: '>=16'}
    hasBin: true

  react-dom@19.2.3:
    resolution: {integrity: sha512-yELu4WmLPw5Mr/lmeEpox5rw3RETacE++JgHqQzd2dg+YbJuat3jH4ingc+WPZhxaoFzdv9y33G+F7Nl5O0GBg==}
    peerDependencies:
      react: ^19.2.3

  react@19.2.3:
    resolution: {integrity: sha512-Ku/hhYbVjOQnXDZFv2+RibmLFGwFdeeKHFcOTlrt7xplBnya5OGn/hIRDsqDiSUcfORsDC7MPxwork8jBwsIWA==}
    engines: {node: '>=0.10.0'}

  scheduler@0.27.0:
    resolution: {integrity: sha512-eNv+WrVbKu1f3vbYJT/xtiF5syA5HPIMtf9IgY/nKg0sWqzAUEvqY/xm7OcZc/qafLx/iO9FgOmeSAp4v5ti/Q==}

  ws@8.19.0:
    resolution: {integrity: sha512-blAT2mjOEIi0ZzruJfIhb3nps74PRWTCz1IjglWEEpQl5XS/UNama6u2/rjFkDDouqr4L67ry+1aGIALViWjDg==}
    engines: {node: '>=10.0.0'}
    peerDependencies:
      bufferutil: ^4.0.1
      utf-8-validate: '>=5.0.2'
    peerDependenciesMeta:
      bufferutil:
        optional: true
      utf-8-validate:
        optional: true

  y-protocols@1.0.7:
    resolution: {integrity: sha512-YSVsLoXxO67J6eE/nV4AtFtT3QEotZf5sK5BHxFBXso7VDUT3Tx07IfA6hsu5Q5OmBdMkQVmFZ9QOA7fikWvnw==}
    engines: {node: '>=16.0.0', npm: '>=8.0.0'}
    peerDependencies:
      yjs: ^13.0.0

  yjs@13.6.29:
    resolution: {integrity: sha512-kHqDPdltoXH+X4w1lVmMtddE3Oeqq48nM40FD5ojTd8xYhQpzIDcfE2keMSU5bAgRPJBe225WTUdyUgj1DtbiQ==}
    engines: {node: '>=16.0.0', npm: '>=8.0.0'}

snapshots:

  '@hocuspocus/common@3.4.4':
    dependencies:
      lib0: 0.2.117

  '@hocuspocus/provider@3.4.4(y-protocols@1.0.7(yjs@13.6.29))(yjs@13.6.29)':
    dependencies:
      '@hocuspocus/common': 3.4.4
      '@lifeomic/attempt': 3.1.0
      lib0: 0.2.117
      ws: 8.19.0
      y-protocols: 1.0.7(yjs@13.6.29)
      yjs: 13.6.29
    transitivePeerDependencies:
      - bufferutil
      - utf-8-validate

  '@lifeomic/attempt@3.1.0': {}

  '@types/react-dom@19.2.3(@types/react@19.2.8)':
    dependencies:
      '@types/react': 19.2.8

  '@types/react@19.2.8':
    dependencies:
      csstype: 3.2.3

  csstype@3.2.3: {}

  isomorphic.js@0.2.5: {}

  lib0@0.2.117:
    dependencies:
      isomorphic.js: 0.2.5

  react-dom@19.2.3(react@19.2.3):
    dependencies:
      react: 19.2.3
      scheduler: 0.27.0

  react@19.2.3: {}

  scheduler@0.27.0: {}

  ws@8.19.0: {}

  y-protocols@1.0.7(yjs@13.6.29):
    dependencies:
      lib0: 0.2.117
      yjs: 13.6.29

  yjs@13.6.29:
    dependencies:
      lib0: 0.2.117
